
Microsoft Visual Studio Solution File, Format Version 12.00
# Visual Studio Version 17
VisualStudioVersion = 17.9.34714.143
MinimumVisualStudioVersion = 10.0.40219.1
Project("{FAE04EC0-301F-11D3-BF4B-00C04F79EFBC}") = "Application", "Application\Application.csproj", "{3C3F8937-083A-4177-B595-295B83AAD921}"
EndProject
Project("{FAE04EC0-301F-11D3-BF4B-00C04F79EFBC}") = "Core", "Core\Core.csproj", "{EB7283A2-1492-4028-BA17-A78730AD2FCA}"
EndProject
Project("{FAE04EC0-301F-11D3-BF4B-00C04F79EFBC}") = "Domain", "Domain\Domain.csproj", "{C775295A-70EF-4D19-A0DD-8278F5C3AC76}"
EndProject
Project("{FAE04EC0-301F-11D3-BF4B-00C04F79EFBC}") = "Persistence", "Persistence\Persistence.csproj", "{35778DF9-25E2-4D66-B48B-B628D5A948A3}"
EndProject
Project("{FAE04EC0-301F-11D3-BF4B-00C04F79EFBC}") = "WebAPI", "WebAPI\WebAPI.csproj", "{92958C89-BFC8-424B-90B3-C78D13702DCD}"
EndProject
Global
	GlobalSection(SolutionConfigurationPlatforms) = preSolution
		Debug|Any CPU = Debug|Any CPU
		Release|Any CPU = Release|Any CPU
	EndGlobalSection
	GlobalSection(ProjectConfigurationPlatforms) = postSolution
		{3C3F8937-083A-4177-B595-295B83AAD921}.Debug|Any CPU.ActiveCfg = Debug|Any CPU
		{3C3F8937-083A-4177-B595-295B83AAD921}.Debug|Any CPU.Build.0 = Debug|Any CPU
		{3C3F8937-083A-4177-B595-295B83AAD921}.Release|Any CPU.ActiveCfg = Release|Any CPU
		{3C3F8937-083A-4177-B595-295B83AAD921}.Release|Any CPU.Build.0 = Release|Any CPU
		{EB7283A2-1492-4028-BA17-A78730AD2FCA}.Debug|Any CPU.ActiveCfg = Debug|Any CPU
		{EB7283A2-1492-4028-BA17-A78730AD2FCA}.Debug|Any CPU.Build.0 = Debug|Any CPU
		{EB7283A2-1492-4028-BA17-A78730AD2FCA}.Release|Any CPU.ActiveCfg = Release|Any CPU
		{EB7283A2-1492-4028-BA17-A78730AD2FCA}.Release|Any CPU.Build.0 = Release|Any CPU
		{C775295A-70EF-4D19-A0DD-8278F5C3AC76}.Debug|Any CPU.ActiveCfg = Debug|Any CPU
		{C775295A-70EF-4D19-A0DD-8278F5C3AC76}.Debug|Any CPU.Build.0 = Debug|Any CPU
		{C775295A-70EF-4D19-A0DD-8278F5C3AC76}.Release|Any CPU.ActiveCfg = Release|Any CPU
		{C775295A-70EF-4D19-A0DD-8278F5C3AC76}.Release|Any CPU.Build.0 = Release|Any CPU
		{35778DF9-25E2-4D66-B48B-B628D5A948A3}.Debug|Any CPU.ActiveCfg = Debug|Any CPU
		{35778DF9-25E2-4D66-B48B-B628D5A948A3}.Debug|Any CPU.Build.0 = Debug|Any CPU
		{35778DF9-25E2-4D66-B48B-B628D5A948A3}.Release|Any CPU.ActiveCfg = Release|Any CPU
		{35778DF9-25E2-4D66-B48B-B628D5A948A3}.Release|Any CPU.Build.0 = Release|Any CPU
		{92958C89-BFC8-424B-90B3-C78D13702DCD}.Debug|Any CPU.ActiveCfg = Debug|Any CPU
		{92958C89-BFC8-424B-90B3-C78D13702DCD}.Debug|Any CPU.Build.0 = Debug|Any CPU
		{92958C89-BFC8-424B-90B3-C78D13702DCD}.Release|Any CPU.ActiveCfg = Release|Any CPU
		{92958C89-BFC8-424B-90B3-C78D13702DCD}.Release|Any CPU.Build.0 = Release|Any CPU
	EndGlobalSection
	GlobalSection(SolutionProperties) = preSolution
		HideSolutionNode = FALSE
	EndGlobalSection
	GlobalSection(ExtensibilityGlobals) = postSolution
		SolutionGuid = {BBE75424-D161-46EF-9F42-05A2C4402BE2}
	EndGlobalSection
EndGlobal
